{
    "version": 3,
    "terraform_version": "0.7.7",
    "serial": 26,
    "lineage": "15ceecac-28ec-410f-9a90-35676fcfe581",
    "modules": [
        {
            "path": [
                "root"
            ],
            "outputs": {
                "dev_s3_endpoint": {
                    "sensitive": false,
                    "type": "string",
                    "value": "http://dev-5f13ff471f679f0c.phisher.men.s3-website-eu-west-1.amazonaws.com"
                }
            },
            "resources": {
                "aws_s3_bucket.dev_frontend": {
                    "type": "aws_s3_bucket",
                    "depends_on": [
                        "random_id.dev_bucket_prefix"
                    ],
                    "primary": {
                        "id": "dev-5f13ff471f679f0c.phisher.men",
                        "attributes": {
                            "acceleration_status": "",
                            "acl": "public-read",
                            "arn": "arn:aws:s3:::dev-5f13ff471f679f0c.phisher.men",
                            "bucket": "dev-5f13ff471f679f0c.phisher.men",
                            "force_destroy": "true",
                            "hosted_zone_id": "Z1BKCTXD74EZPE",
                            "id": "dev-5f13ff471f679f0c.phisher.men",
                            "policy": "{\"Id\":\"bucket_policy_site\",\"Statement\":[{\"Action\":\"s3:GetObject\",\"Effect\":\"Allow\",\"Principal\":\"*\",\"Resource\":\"arn:aws:s3:::dev-5f13ff471f679f0c.phisher.men/*\",\"Sid\":\"bucket_policy_site_main\"}],\"Version\":\"2012-10-17\"}",
                            "region": "eu-west-1",
                            "request_payer": "BucketOwner",
                            "tags.%": "0",
                            "website.#": "1",
                            "website.0.error_document": "index.html",
                            "website.0.index_document": "index.html",
                            "website.0.redirect_all_requests_to": "",
                            "website.0.routing_rules": "",
                            "website_domain": "s3-website-eu-west-1.amazonaws.com",
                            "website_endpoint": "dev-5f13ff471f679f0c.phisher.men.s3-website-eu-west-1.amazonaws.com"
                        },
                        "meta": {},
                        "tainted": false
                    },
                    "deposed": [],
                    "provider": ""
                },
                "aws_s3_bucket_object.index-html": {
                    "type": "aws_s3_bucket_object",
                    "depends_on": [
                        "aws_s3_bucket.dev_frontend"
                    ],
                    "primary": {
                        "id": "index.html",
                        "attributes": {
                            "acl": "private",
                            "bucket": "dev-5f13ff471f679f0c.phisher.men",
                            "cache_control": "",
                            "content_disposition": "",
                            "content_encoding": "",
                            "content_language": "",
                            "content_type": "text/html",
                            "etag": "264f4ddbfcbd600ce661dff9bceb20cf",
                            "id": "index.html",
                            "key": "index.html",
                            "kms_key_id": "",
                            "source": "dist/index.html",
                            "storage_class": "STANDARD",
                            "version_id": ""
                        },
                        "meta": {},
                        "tainted": false
                    },
                    "deposed": [],
                    "provider": ""
                },
                "aws_s3_bucket_object.index-js": {
                    "type": "aws_s3_bucket_object",
                    "depends_on": [
                        "aws_s3_bucket.dev_frontend"
                    ],
                    "primary": {
                        "id": "index.js",
                        "attributes": {
                            "acl": "private",
                            "bucket": "dev-5f13ff471f679f0c.phisher.men",
                            "cache_control": "",
                            "content_disposition": "",
                            "content_encoding": "",
                            "content_language": "",
                            "content_type": "application/javascript",
                            "etag": "ea303a98addd1aafa62335bc2d31ff07",
                            "id": "index.js",
                            "key": "index.js",
                            "kms_key_id": "",
                            "source": "dist/index.js",
                            "storage_class": "STANDARD",
                            "version_id": ""
                        },
                        "meta": {},
                        "tainted": false
                    },
                    "deposed": [],
                    "provider": ""
                },
                "random_id.dev_bucket_prefix": {
                    "type": "random_id",
                    "depends_on": [],
                    "primary": {
                        "id": "XxP_Rx9nnww",
                        "attributes": {
                            "b64": "XxP_Rx9nnww",
                            "byte_length": "8",
                            "dec": "6851100139095301900",
                            "hex": "5f13ff471f679f0c",
                            "id": "XxP_Rx9nnww",
                            "keepers.%": "2",
                            "keepers.index_html_md5": "264f4ddbfcbd600ce661dff9bceb20cf",
                            "keepers.index_js_md5": "ea303a98addd1aafa62335bc2d31ff07"
                        },
                        "meta": {},
                        "tainted": false
                    },
                    "deposed": [],
                    "provider": ""
                }
            },
            "depends_on": []
        }
    ]
}
